
Microsoft Visual Studio Solution File, Format Version 12.00
# Visual Studio Version 18
VisualStudioVersion = 18.1.11312.151
MinimumVisualStudioVersion = 10.0.40219.1
Project("{FAE04EC0-301F-11D3-BF4B-00C04F79EFBC}") = "Bowling", "Bowling\Bowling.csproj", "{C2624378-44D7-435C-A445-32B5743D3A71}"
EndProject
Project("{FAE04EC0-301F-11D3-BF4B-00C04F79EFBC}") = "Bowling.Tests", "Bowling.Tests\Bowling.Tests.csproj", "{3BFA6C0E-A15C-21D3-416A-82B9EA6689E4}"
EndProject
Global
	GlobalSection(SolutionConfigurationPlatforms) = preSolution
		Debug|Any CPU = Debug|Any CPU
		Release|Any CPU = Release|Any CPU
	EndGlobalSection
	GlobalSection(ProjectConfigurationPlatforms) = postSolution
		{C2624378-44D7-435C-A445-32B5743D3A71}.Debug|Any CPU.ActiveCfg = Debug|Any CPU
		{C2624378-44D7-435C-A445-32B5743D3A71}.Debug|Any CPU.Build.0 = Debug|Any CPU
		{C2624378-44D7-435C-A445-32B5743D3A71}.Release|Any CPU.ActiveCfg = Release|Any CPU
		{C2624378-44D7-435C-A445-32B5743D3A71}.Release|Any CPU.Build.0 = Release|Any CPU
		{3BFA6C0E-A15C-21D3-416A-82B9EA6689E4}.Debug|Any CPU.ActiveCfg = Debug|Any CPU
		{3BFA6C0E-A15C-21D3-416A-82B9EA6689E4}.Debug|Any CPU.Build.0 = Debug|Any CPU
		{3BFA6C0E-A15C-21D3-416A-82B9EA6689E4}.Release|Any CPU.ActiveCfg = Release|Any CPU
		{3BFA6C0E-A15C-21D3-416A-82B9EA6689E4}.Release|Any CPU.Build.0 = Release|Any CPU
	EndGlobalSection
	GlobalSection(SolutionProperties) = preSolution
		HideSolutionNode = FALSE
	EndGlobalSection
	GlobalSection(ExtensibilityGlobals) = postSolution
		SolutionGuid = {257E63D6-D9FE-4825-B0D8-34DCA606C31D}
	EndGlobalSection
EndGlobal
